
Microsoft Visual Studio Solution File, Format Version 12.00
# Visual Studio Version 16
VisualStudioVersion = 16.0.29926.136
MinimumVisualStudioVersion = 10.0.40219.1
Project("{FAE04EC0-301F-11D3-BF4B-00C04F79EFBC}") = "dotnetdiscordbot", "pringles1_0\dotnetdiscordbot.csproj", "{D6D9F5D4-381F-4326-97ED-3757F7AA3A4B}"
EndProject
Global
	GlobalSection(SolutionConfigurationPlatforms) = preSolution
		Debug|Any CPU = Debug|Any CPU
		Release|Any CPU = Release|Any CPU
	EndGlobalSection
	GlobalSection(ProjectConfigurationPlatforms) = postSolution
		{D6D9F5D4-381F-4326-97ED-3757F7AA3A4B}.Debug|Any CPU.ActiveCfg = Debug|Any CPU
		{D6D9F5D4-381F-4326-97ED-3757F7AA3A4B}.Debug|Any CPU.Build.0 = Debug|Any CPU
		{D6D9F5D4-381F-4326-97ED-3757F7AA3A4B}.Release|Any CPU.ActiveCfg = Release|Any CPU
		{D6D9F5D4-381F-4326-97ED-3757F7AA3A4B}.Release|Any CPU.Build.0 = Release|Any CPU
	EndGlobalSection
	GlobalSection(SolutionProperties) = preSolution
		HideSolutionNode = FALSE
	EndGlobalSection
	GlobalSection(ExtensibilityGlobals) = postSolution
		SolutionGuid = {D1E08A0F-8B41-42D5-A439-BBEF6F1C7DF9}
	EndGlobalSection
EndGlobal
